<?xml version="1.0" encoding="utf-8"?>
<Project ToolsVersion="4.0" xmlns="http://schemas.microsoft.com/developer/msbuild/2003">
  <ItemGroup>
    <Filter Include="Engine">
      <UniqueIdentifier>{DBC7D3B0-C769-FE86-B024-12DB9C6585D7}</UniqueIdentifier>
    </Filter>
    <Filter Include="Engine\Debug">
      <UniqueIdentifier>{910A0995-7D6D-9839-26F3-D0EF123564BC}</UniqueIdentifier>
    </Filter>
    <Filter Include="Engine\Imgui">
      <UniqueIdentifier>{65FD6795-5160-F739-FAE5-2FF0E627C3BC}</UniqueIdentifier>
    </Filter>
    <Filter Include="Engine\Renderer">
      <UniqueIdentifier>{E1119970-4D9D-0635-56AE-8929C2B86235}</UniqueIdentifier>
    </Filter>
    <Filter Include="Engine\platform">
      <UniqueIdentifier>{AFA6F61D-1B32-64E2-2443-E7D6904DC0E2}</UniqueIdentifier>
    </Filter>
    <Filter Include="Engine\platform\OpenGL">
      <UniqueIdentifier>{03159D20-EF0E-C672-D87B-5C83C4142CDF}</UniqueIdentifier>
    </Filter>
  </ItemGroup>
  <ItemGroup>
    <ClInclude Include="src\Engine.h" />
    <ClInclude Include="src\Engine\Application.h">
      <Filter>Engine</Filter>
    </ClInclude>
    <ClInclude Include="src\Engine\Debug\Instrumentor.h">
      <Filter>Engine\Debug</Filter>
    </ClInclude>
    <ClInclude Include="src\Engine\EntryPoint.h">
      <Filter>Engine</Filter>
    </ClInclude>
    <ClInclude Include="src\Engine\Event.h">
      <Filter>Engine</Filter>
    </ClInclude>
    <ClInclude Include="src\Engine\Imgui\ImGuiLayer.h">
      <Filter>Engine\Imgui</Filter>
    </ClInclude>
    <ClInclude Include="src\Engine\Imgui\ImguiOpenglRender.h">
      <Filter>Engine\Imgui</Filter>
    </ClInclude>
    <ClInclude Include="src\Engine\Imgui\imgui_impl_glfw.h">
      <Filter>Engine\Imgui</Filter>
    </ClInclude>
    <ClInclude Include="src\Engine\Imgui\imgui_internal.h">
      <Filter>Engine\Imgui</Filter>
    </ClInclude>
    <ClInclude Include="src\Engine\Input.h">
      <Filter>Engine</Filter>
    </ClInclude>
    <ClInclude Include="src\Engine\KeyCodes.h">
      <Filter>Engine</Filter>
    </ClInclude>
    <ClInclude Include="src\Engine\Layer.h">
      <Filter>Engine</Filter>
    </ClInclude>
    <ClInclude Include="src\Engine\LayerStack.h">
      <Filter>Engine</Filter>
    </ClInclude>
    <ClInclude Include="src\Engine\MouseButtonCodes.h">
      <Filter>Engine</Filter>
    </ClInclude>
    <ClInclude Include="src\Engine\Renderer.h">
      <Filter>Engine</Filter>
    </ClInclude>
    <ClInclude Include="src\Engine\Renderer\Buffer.h">
      <Filter>Engine\Renderer</Filter>
    </ClInclude>
    <ClInclude Include="src\Engine\Renderer\RenderCommand.h">
      <Filter>Engine\Renderer</Filter>
    </ClInclude>
    <ClInclude Include="src\Engine\Renderer\Renderer.h">
      <Filter>Engine\Renderer</Filter>
    </ClInclude>
    <ClInclude Include="src\Engine\Renderer\RendererAPI.h">
      <Filter>Engine\Renderer</Filter>
    </ClInclude>
    <ClInclude Include="src\Engine\Renderer\Shader.h">
      <Filter>Engine\Renderer</Filter>
    </ClInclude>
    <ClInclude Include="src\Engine\Renderer\Texture.h">
      <Filter>Engine\Renderer</Filter>
    </ClInclude>
    <ClInclude Include="src\Engine\Renderer\VertexArray.h">
      <Filter>Engine\Renderer</Filter>
    </ClInclude>
    <ClInclude Include="src\Engine\RendererLayer.h">
      <Filter>Engine</Filter>
    </ClInclude>
    <ClInclude Include="src\Engine\TestLayer.h">
      <Filter>Engine</Filter>
    </ClInclude>
    <ClInclude Include="src\Engine\Utils.h">
      <Filter>Engine</Filter>
    </ClInclude>
    <ClInclude Include="src\Engine\Windows.h">
      <Filter>Engine</Filter>
    </ClInclude>
    <ClInclude Include="src\Engine\camera.h">
      <Filter>Engine</Filter>
    </ClInclude>
    <ClInclude Include="src\Engine\core.h">
      <Filter>Engine</Filter>
    </ClInclude>
    <ClInclude Include="src\Engine\log.h">
      <Filter>Engine</Filter>
    </ClInclude>
    <ClInclude Include="src\Engine\platform\OpenGL\OpenGLBuffer.h">
      <Filter>Engine\platform\OpenGL</Filter>
    </ClInclude>
    <ClInclude Include="src\Engine\platform\OpenGL\OpenGLRendererAPI.h">
      <Filter>Engine\platform\OpenGL</Filter>
    </ClInclude>
    <ClInclude Include="src\Engine\platform\OpenGL\OpenGLShader.h">
      <Filter>Engine\platform\OpenGL</Filter>
    </ClInclude>
    <ClInclude Include="src\Engine\platform\OpenGL\OpenGLTexture.h">
      <Filter>Engine\platform\OpenGL</Filter>
    </ClInclude>
    <ClInclude Include="src\Engine\platform\OpenGL\OpenGLVertexArray.h">
      <Filter>Engine\platform\OpenGL</Filter>
    </ClInclude>
    <ClInclude Include="src\Engine\platform\WindowWindows.h">
      <Filter>Engine\platform</Filter>
    </ClInclude>
    <ClInclude Include="src\Engine\platform\WindowsInput.h">
      <Filter>Engine\platform</Filter>
    </ClInclude>
    <ClInclude Include="src\pch.h" />
  </ItemGroup>
  <ItemGroup>
    <ClCompile Include="src\Engine\Application.cpp">
      <Filter>Engine</Filter>
    </ClCompile>
    <ClCompile Include="src\Engine\Event.cpp">
      <Filter>Engine</Filter>
    </ClCompile>
    <ClCompile Include="src\Engine\Imgui\ImGuiLayer.cpp">
      <Filter>Engine\Imgui</Filter>
    </ClCompile>
    <ClCompile Include="src\Engine\Input.cpp">
      <Filter>Engine</Filter>
    </ClCompile>
    <ClCompile Include="src\Engine\Layer.cpp">
      <Filter>Engine</Filter>
    </ClCompile>
    <ClCompile Include="src\Engine\LayerStack.cpp">
      <Filter>Engine</Filter>
    </ClCompile>
    <ClCompile Include="src\Engine\Renderer\Buffer.cpp">
      <Filter>Engine\Renderer</Filter>
    </ClCompile>
    <ClCompile Include="src\Engine\Renderer\RenderCommand.cpp">
      <Filter>Engine\Renderer</Filter>
    </ClCompile>
    <ClCompile Include="src\Engine\Renderer\Renderer.cpp">
      <Filter>Engine\Renderer</Filter>
    </ClCompile>
    <ClCompile Include="src\Engine\Renderer\RendererAPI.cpp">
      <Filter>Engine\Renderer</Filter>
    </ClCompile>
    <ClCompile Include="src\Engine\Renderer\Shader.cpp">
      <Filter>Engine\Renderer</Filter>
    </ClCompile>
    <ClCompile Include="src\Engine\Renderer\Texture.cpp">
      <Filter>Engine\Renderer</Filter>
    </ClCompile>
    <ClCompile Include="src\Engine\Renderer\VertexArray.cpp">
      <Filter>Engine\Renderer</Filter>
    </ClCompile>
    <ClCompile Include="src\Engine\RendererLayer.cpp">
      <Filter>Engine</Filter>
    </ClCompile>
    <ClCompile Include="src\Engine\TestLayer.cpp">
      <Filter>Engine</Filter>
    </ClCompile>
    <ClCompile Include="src\Engine\Windows.cpp">
      <Filter>Engine</Filter>
    </ClCompile>
    <ClCompile Include="src\Engine\camera.cpp">
      <Filter>Engine</Filter>
    </ClCompile>
    <ClCompile Include="src\Engine\log.cpp">
      <Filter>Engine</Filter>
    </ClCompile>
    <ClCompile Include="src\Engine\platform\OpenGL\OpenGLBuffer.cpp">
      <Filter>Engine\platform\OpenGL</Filter>
    </ClCompile>
    <ClCompile Include="src\Engine\platform\OpenGL\OpenGLRendererAPI.cpp">
      <Filter>Engine\platform\OpenGL</Filter>
    </ClCompile>
    <ClCompile Include="src\Engine\platform\OpenGL\OpenGLShader.cpp">
      <Filter>Engine\platform\OpenGL</Filter>
    </ClCompile>
    <ClCompile Include="src\Engine\platform\OpenGL\OpenGLTexture.cpp">
      <Filter>Engine\platform\OpenGL</Filter>
    </ClCompile>
    <ClCompile Include="src\Engine\platform\OpenGL\OpenGLVertexArray.cpp">
      <Filter>Engine\platform\OpenGL</Filter>
    </ClCompile>
    <ClCompile Include="src\Engine\platform\WindowWindows.cpp">
      <Filter>Engine\platform</Filter>
    </ClCompile>
    <ClCompile Include="src\Engine\platform\WindowsInput.cpp">
      <Filter>Engine\platform</Filter>
    </ClCompile>
    <ClCompile Include="src\pch.cpp" />
    <ClCompile Include="src\Engine\stb_lib.cpp" />
  </ItemGroup>
</Project>